// !$*UTF8*$!
{
	archiveVersion = 1;
	classes = {
	};
	objectVersion = 56;
	objects = {

/* Begin PBXBuildFile section */
		635DE889299E0F640021FB63 /* DetailView.swift in Sources */ = {isa = PBXBuildFile; fileRef = 635DE888299E0F640021FB63 /* DetailView.swift */; };
		638FDBCA29AB7A71001F880C /* QuoteView.swift in Sources */ = {isa = PBXBuildFile; fileRef = 638FDBC929AB7A71001F880C /* QuoteView.swift */; };
		638FDBCD29AB7BA1001F880C /* Constants.swift in Sources */ = {isa = PBXBuildFile; fileRef = 638FDBCC29AB7BA1001F880C /* Constants.swift */; };
		63B9604A299A81D7009F234A /* Prite_AppApp.swift in Sources */ = {isa = PBXBuildFile; fileRef = 63B96049299A81D7009F234A /* Prite_AppApp.swift */; };
		63B9604C299A81D7009F234A /* ContentView.swift in Sources */ = {isa = PBXBuildFile; fileRef = 63B9604B299A81D7009F234A /* ContentView.swift */; };
		63B9604E299A81D8009F234A /* Assets.xcassets in Resources */ = {isa = PBXBuildFile; fileRef = 63B9604D299A81D8009F234A /* Assets.xcassets */; };
		63B96051299A81D8009F234A /* Preview Assets.xcassets in Resources */ = {isa = PBXBuildFile; fileRef = 63B96050299A81D8009F234A /* Preview Assets.xcassets */; };
		63B96053299A81D8009F234A /* Persistence.swift in Sources */ = {isa = PBXBuildFile; fileRef = 63B96052299A81D8009F234A /* Persistence.swift */; };
		63B96056299A81D8009F234A /* PriteDatabase.xcdatamodeld in Sources */ = {isa = PBXBuildFile; fileRef = 63B96054299A81D8009F234A /* PriteDatabase.xcdatamodeld */; };
		63B9605E299A8600009F234A /* WriteModel.swift in Sources */ = {isa = PBXBuildFile; fileRef = 63B9605D299A8600009F234A /* WriteModel.swift */; };
		63B96062299A8D48009F234A /* ImagePicker.swift in Sources */ = {isa = PBXBuildFile; fileRef = 63B96061299A8D48009F234A /* ImagePicker.swift */; };
		63B96064299A8FE8009F234A /* CoreLocation.swift in Sources */ = {isa = PBXBuildFile; fileRef = 63B96063299A8FE8009F234A /* CoreLocation.swift */; };
		63BC5CCF299CFE380002BC1D /* MainView.swift in Sources */ = {isa = PBXBuildFile; fileRef = 63BC5CCE299CFE380002BC1D /* MainView.swift */; };
		63BC5CD1299CFE6E0002BC1D /* MapView.swift in Sources */ = {isa = PBXBuildFile; fileRef = 63BC5CD0299CFE6E0002BC1D /* MapView.swift */; };
		63BC5CD3299D04AA0002BC1D /* WriteView.swift in Sources */ = {isa = PBXBuildFile; fileRef = 63BC5CD2299D04AA0002BC1D /* WriteView.swift */; };
		63BC5CD5299D09170002BC1D /* ListView.swift in Sources */ = {isa = PBXBuildFile; fileRef = 63BC5CD4299D09170002BC1D /* ListView.swift */; };
		63BC5CD7299D0F610002BC1D /* SettingView.swift in Sources */ = {isa = PBXBuildFile; fileRef = 63BC5CD6299D0F610002BC1D /* SettingView.swift */; };
		63BC5CD9299D11660002BC1D /* OnboardingView.swift in Sources */ = {isa = PBXBuildFile; fileRef = 63BC5CD8299D11660002BC1D /* OnboardingView.swift */; };
		63F1E23729A7493D00B2BB0E /* BlackHanSans-Regular.ttf in Resources */ = {isa = PBXBuildFile; fileRef = 63F0EC7D29A5AC0800AAFEF6 /* BlackHanSans-Regular.ttf */; };
		63F1E23829A7494000B2BB0E /* SongMyung-Regular.ttf in Resources */ = {isa = PBXBuildFile; fileRef = 63F0EC7E29A5AC0F00AAFEF6 /* SongMyung-Regular.ttf */; };
		63F1E23929A7494200B2BB0E /* NanumPenScript-Regular.ttf in Resources */ = {isa = PBXBuildFile; fileRef = 63F0EC7B29A5ABFD00AAFEF6 /* NanumPenScript-Regular.ttf */; };
		63F1E23A29A7494400B2BB0E /* NanumBrushScript-Regular.ttf in Resources */ = {isa = PBXBuildFile; fileRef = 63F0EC7A29A5ABFD00AAFEF6 /* NanumBrushScript-Regular.ttf */; };
		63F1E23B29A7494600B2BB0E /* Gaegu-Regular.ttf in Resources */ = {isa = PBXBuildFile; fileRef = 63F0EC7C29A5ABFD00AAFEF6 /* Gaegu-Regular.ttf */; };
		63F1E23C29A7494900B2BB0E /* Dongle-Regular.ttf in Resources */ = {isa = PBXBuildFile; fileRef = 63F0EC7929A5ABFD00AAFEF6 /* Dongle-Regular.ttf */; };
		63F1E23D29A7494B00B2BB0E /* CuteFont-Regular.ttf in Resources */ = {isa = PBXBuildFile; fileRef = 63F0EC7829A5ABFD00AAFEF6 /* CuteFont-Regular.ttf */; };
		63F1E24029A74A1800B2BB0E /* SettingEnvironment.swift in Sources */ = {isa = PBXBuildFile; fileRef = 63F1E23F29A74A1800B2BB0E /* SettingEnvironment.swift */; };
/* End PBXBuildFile section */

/* Begin PBXContainerItemProxy section */
		637730D929B0D7E4009F3851 /* PBXContainerItemProxy */ = {
			isa = PBXContainerItemProxy;
			containerPortal = 63B9603E299A81D7009F234A /* Project object */;
			proxyType = 1;
			remoteGlobalIDString = 63B96045299A81D7009F234A;
			remoteInfo = Prite_App;
		};
		637730E829B0D7ED009F3851 /* PBXContainerItemProxy */ = {
			isa = PBXContainerItemProxy;
			containerPortal = 63B9603E299A81D7009F234A /* Project object */;
			proxyType = 1;
			remoteGlobalIDString = 63B96045299A81D7009F234A;
			remoteInfo = Prite_App;
		};
/* End PBXContainerItemProxy section */

/* Begin PBXFileReference section */
		635DE888299E0F640021FB63 /* DetailView.swift */ = {isa = PBXFileReference; lastKnownFileType = sourcecode.swift; path = DetailView.swift; sourceTree = "<group>"; };
		637730D529B0D7E4009F3851 /* Prite_AppTests.xctest */ = {isa = PBXFileReference; explicitFileType = wrapper.cfbundle; includeInIndex = 0; path = Prite_AppTests.xctest; sourceTree = BUILT_PRODUCTS_DIR; };
		637730E229B0D7ED009F3851 /* Prite_AppUITests.xctest */ = {isa = PBXFileReference; explicitFileType = wrapper.cfbundle; includeInIndex = 0; path = Prite_AppUITests.xctest; sourceTree = BUILT_PRODUCTS_DIR; };
		638FDBC929AB7A71001F880C /* QuoteView.swift */ = {isa = PBXFileReference; lastKnownFileType = sourcecode.swift; path = QuoteView.swift; sourceTree = "<group>"; };
		638FDBCC29AB7BA1001F880C /* Constants.swift */ = {isa = PBXFileReference; lastKnownFileType = sourcecode.swift; path = Constants.swift; sourceTree = "<group>"; };
		63B96046299A81D7009F234A /* Prite_App.app */ = {isa = PBXFileReference; explicitFileType = wrapper.application; includeInIndex = 0; path = Prite_App.app; sourceTree = BUILT_PRODUCTS_DIR; };
		63B96049299A81D7009F234A /* Prite_AppApp.swift */ = {isa = PBXFileReference; lastKnownFileType = sourcecode.swift; path = Prite_AppApp.swift; sourceTree = "<group>"; };
		63B9604B299A81D7009F234A /* ContentView.swift */ = {isa = PBXFileReference; lastKnownFileType = sourcecode.swift; path = ContentView.swift; sourceTree = "<group>"; };
		63B9604D299A81D8009F234A /* Assets.xcassets */ = {isa = PBXFileReference; lastKnownFileType = folder.assetcatalog; path = Assets.xcassets; sourceTree = "<group>"; };
		63B96050299A81D8009F234A /* Preview Assets.xcassets */ = {isa = PBXFileReference; lastKnownFileType = folder.assetcatalog; path = "Preview Assets.xcassets"; sourceTree = "<group>"; };
		63B96052299A81D8009F234A /* Persistence.swift */ = {isa = PBXFileReference; lastKnownFileType = sourcecode.swift; path = Persistence.swift; sourceTree = "<group>"; };
		63B96055299A81D8009F234A /* PriteDatabase.xcdatamodel */ = {isa = PBXFileReference; lastKnownFileType = wrapper.xcdatamodel; path = PriteDatabase.xcdatamodel; sourceTree = "<group>"; };
		63B9605D299A8600009F234A /* WriteModel.swift */ = {isa = PBXFileReference; lastKnownFileType = sourcecode.swift; path = WriteModel.swift; sourceTree = "<group>"; };
		63B96061299A8D48009F234A /* ImagePicker.swift */ = {isa = PBXFileReference; lastKnownFileType = sourcecode.swift; path = ImagePicker.swift; sourceTree = "<group>"; };
		63B96063299A8FE8009F234A /* CoreLocation.swift */ = {isa = PBXFileReference; lastKnownFileType = sourcecode.swift; path = CoreLocation.swift; sourceTree = "<group>"; };
		63BC5CCE299CFE380002BC1D /* MainView.swift */ = {isa = PBXFileReference; lastKnownFileType = sourcecode.swift; path = MainView.swift; sourceTree = "<group>"; };
		63BC5CD0299CFE6E0002BC1D /* MapView.swift */ = {isa = PBXFileReference; lastKnownFileType = sourcecode.swift; path = MapView.swift; sourceTree = "<group>"; };
		63BC5CD2299D04AA0002BC1D /* WriteView.swift */ = {isa = PBXFileReference; lastKnownFileType = sourcecode.swift; path = WriteView.swift; sourceTree = "<group>"; };
		63BC5CD4299D09170002BC1D /* ListView.swift */ = {isa = PBXFileReference; lastKnownFileType = sourcecode.swift; path = ListView.swift; sourceTree = "<group>"; };
		63BC5CD6299D0F610002BC1D /* SettingView.swift */ = {isa = PBXFileReference; lastKnownFileType = sourcecode.swift; path = SettingView.swift; sourceTree = "<group>"; };
		63BC5CD8299D11660002BC1D /* OnboardingView.swift */ = {isa = PBXFileReference; lastKnownFileType = sourcecode.swift; path = OnboardingView.swift; sourceTree = "<group>"; };
		63F0EC7829A5ABFD00AAFEF6 /* CuteFont-Regular.ttf */ = {isa = PBXFileReference; lastKnownFileType = file; path = "CuteFont-Regular.ttf"; sourceTree = "<group>"; };
		63F0EC7929A5ABFD00AAFEF6 /* Dongle-Regular.ttf */ = {isa = PBXFileReference; lastKnownFileType = file; path = "Dongle-Regular.ttf"; sourceTree = "<group>"; };
		63F0EC7A29A5ABFD00AAFEF6 /* NanumBrushScript-Regular.ttf */ = {isa = PBXFileReference; lastKnownFileType = file; path = "NanumBrushScript-Regular.ttf"; sourceTree = "<group>"; };
		63F0EC7B29A5ABFD00AAFEF6 /* NanumPenScript-Regular.ttf */ = {isa = PBXFileReference; lastKnownFileType = file; path = "NanumPenScript-Regular.ttf"; sourceTree = "<group>"; };
		63F0EC7C29A5ABFD00AAFEF6 /* Gaegu-Regular.ttf */ = {isa = PBXFileReference; lastKnownFileType = file; path = "Gaegu-Regular.ttf"; sourceTree = "<group>"; };
		63F0EC7D29A5AC0800AAFEF6 /* BlackHanSans-Regular.ttf */ = {isa = PBXFileReference; lastKnownFileType = file; path = "BlackHanSans-Regular.ttf"; sourceTree = "<group>"; };
		63F0EC7E29A5AC0F00AAFEF6 /* SongMyung-Regular.ttf */ = {isa = PBXFileReference; lastKnownFileType = file; path = "SongMyung-Regular.ttf"; sourceTree = "<group>"; };
		63F0EC7F29A5AC2B00AAFEF6 /* Prite-App-Info.plist */ = {isa = PBXFileReference; lastKnownFileType = text.plist; path = "Prite-App-Info.plist"; sourceTree = SOURCE_ROOT; };
		63F1E23F29A74A1800B2BB0E /* SettingEnvironment.swift */ = {isa = PBXFileReference; lastKnownFileType = sourcecode.swift; path = SettingEnvironment.swift; sourceTree = "<group>"; };
/* End PBXFileReference section */

/* Begin PBXFrameworksBuildPhase section */
		637730D229B0D7E4009F3851 /* Frameworks */ = {
			isa = PBXFrameworksBuildPhase;
			buildActionMask = 2147483647;
			files = (
			);
			runOnlyForDeploymentPostprocessing = 0;
		};
		637730DF29B0D7ED009F3851 /* Frameworks */ = {
			isa = PBXFrameworksBuildPhase;
			buildActionMask = 2147483647;
			files = (
			);
			runOnlyForDeploymentPostprocessing = 0;
		};
		63B96043299A81D7009F234A /* Frameworks */ = {
			isa = PBXFrameworksBuildPhase;
			buildActionMask = 2147483647;
			files = (
			);
			runOnlyForDeploymentPostprocessing = 0;
		};
/* End PBXFrameworksBuildPhase section */

/* Begin PBXGroup section */
		638FDBCB29AB7B73001F880C /* Static */ = {
			isa = PBXGroup;
			children = (
				638FDBCC29AB7BA1001F880C /* Constants.swift */,
			);
			path = Static;
			sourceTree = "<group>";
		};
		63B9603D299A81D7009F234A = {
			isa = PBXGroup;
			children = (
				63B96048299A81D7009F234A /* Prite_App */,
				63B96047299A81D7009F234A /* Products */,
			);
			sourceTree = "<group>";
		};
		63B96047299A81D7009F234A /* Products */ = {
			isa = PBXGroup;
			children = (
				63B96046299A81D7009F234A /* Prite_App.app */,
				637730D529B0D7E4009F3851 /* Prite_AppTests.xctest */,
				637730E229B0D7ED009F3851 /* Prite_AppUITests.xctest */,
			);
			name = Products;
			sourceTree = "<group>";
		};
		63B96048299A81D7009F234A /* Prite_App */ = {
			isa = PBXGroup;
			children = (
				638FDBCB29AB7B73001F880C /* Static */,
				63F1E23E29A749FE00B2BB0E /* Environment */,
				63F0EC7F29A5AC2B00AAFEF6 /* Prite-App-Info.plist */,
				63F0EC7629A5ABD300AAFEF6 /* Styles */,
				63B9605C299A85B7009F234A /* Model */,
				63B96049299A81D7009F234A /* Prite_AppApp.swift */,
				63B9604B299A81D7009F234A /* ContentView.swift */,
				63BC5CD8299D11660002BC1D /* OnboardingView.swift */,
				63B9604D299A81D8009F234A /* Assets.xcassets */,
				63B96052299A81D8009F234A /* Persistence.swift */,
				63BC5CCE299CFE380002BC1D /* MainView.swift */,
				63BC5CD4299D09170002BC1D /* ListView.swift */,
				63BC5CD6299D0F610002BC1D /* SettingView.swift */,
				635DE888299E0F640021FB63 /* DetailView.swift */,
				63BC5CD2299D04AA0002BC1D /* WriteView.swift */,
				63BC5CD0299CFE6E0002BC1D /* MapView.swift */,
				638FDBC929AB7A71001F880C /* QuoteView.swift */,
				63B9604F299A81D8009F234A /* Preview Content */,
			);
			path = Prite_App;
			sourceTree = "<group>";
		};
		63B9604F299A81D8009F234A /* Preview Content */ = {
			isa = PBXGroup;
			children = (
				63B96050299A81D8009F234A /* Preview Assets.xcassets */,
			);
			path = "Preview Content";
			sourceTree = "<group>";
		};
		63B9605C299A85B7009F234A /* Model */ = {
			isa = PBXGroup;
			children = (
				63B96054299A81D8009F234A /* PriteDatabase.xcdatamodeld */,
				63B9605D299A8600009F234A /* WriteModel.swift */,
				63B96061299A8D48009F234A /* ImagePicker.swift */,
				63B96063299A8FE8009F234A /* CoreLocation.swift */,
			);
			path = Model;
			sourceTree = "<group>";
		};
		63F0EC7629A5ABD300AAFEF6 /* Styles */ = {
			isa = PBXGroup;
			children = (
				63F0EC7729A5ABE000AAFEF6 /* Font */,
			);
			path = Styles;
			sourceTree = "<group>";
		};
		63F0EC7729A5ABE000AAFEF6 /* Font */ = {
			isa = PBXGroup;
			children = (
				63F0EC7829A5ABFD00AAFEF6 /* CuteFont-Regular.ttf */,
				63F0EC7929A5ABFD00AAFEF6 /* Dongle-Regular.ttf */,
				63F0EC7C29A5ABFD00AAFEF6 /* Gaegu-Regular.ttf */,
				63F0EC7A29A5ABFD00AAFEF6 /* NanumBrushScript-Regular.ttf */,
				63F0EC7B29A5ABFD00AAFEF6 /* NanumPenScript-Regular.ttf */,
				63F0EC7D29A5AC0800AAFEF6 /* BlackHanSans-Regular.ttf */,
				63F0EC7E29A5AC0F00AAFEF6 /* SongMyung-Regular.ttf */,
			);
			path = Font;
			sourceTree = "<group>";
		};
		63F1E23E29A749FE00B2BB0E /* Environment */ = {
			isa = PBXGroup;
			children = (
				63F1E23F29A74A1800B2BB0E /* SettingEnvironment.swift */,
			);
			path = Environment;
			sourceTree = "<group>";
		};
/* End PBXGroup section */

/* Begin PBXNativeTarget section */
		637730D429B0D7E4009F3851 /* Prite_AppTests */ = {
			isa = PBXNativeTarget;
			buildConfigurationList = 637730DB29B0D7E4009F3851 /* Build configuration list for PBXNativeTarget "Prite_AppTests" */;
			buildPhases = (
				637730D129B0D7E4009F3851 /* Sources */,
				637730D229B0D7E4009F3851 /* Frameworks */,
				637730D329B0D7E4009F3851 /* Resources */,
			);
			buildRules = (
			);
			dependencies = (
				637730DA29B0D7E4009F3851 /* PBXTargetDependency */,
			);
			name = Prite_AppTests;
			productName = Prite_AppTests;
			productReference = 637730D529B0D7E4009F3851 /* Prite_AppTests.xctest */;
			productType = "com.apple.product-type.bundle.unit-test";
		};
		637730E129B0D7ED009F3851 /* Prite_AppUITests */ = {
			isa = PBXNativeTarget;
			buildConfigurationList = 637730EA29B0D7ED009F3851 /* Build configuration list for PBXNativeTarget "Prite_AppUITests" */;
			buildPhases = (
				637730DE29B0D7ED009F3851 /* Sources */,
				637730DF29B0D7ED009F3851 /* Frameworks */,
				637730E029B0D7ED009F3851 /* Resources */,
			);
			buildRules = (
			);
			dependencies = (
				637730E929B0D7ED009F3851 /* PBXTargetDependency */,
			);
			name = Prite_AppUITests;
			productName = Prite_AppUITests;
			productReference = 637730E229B0D7ED009F3851 /* Prite_AppUITests.xctest */;
			productType = "com.apple.product-type.bundle.ui-testing";
		};
		63B96045299A81D7009F234A /* Prite_App */ = {
			isa = PBXNativeTarget;
			buildConfigurationList = 63B96059299A81D8009F234A /* Build configuration list for PBXNativeTarget "Prite_App" */;
			buildPhases = (
				63B96042299A81D7009F234A /* Sources */,
				63B96043299A81D7009F234A /* Frameworks */,
				63B96044299A81D7009F234A /* Resources */,
			);
			buildRules = (
			);
			dependencies = (
			);
			name = Prite_App;
			productName = Prite_App;
			productReference = 63B96046299A81D7009F234A /* Prite_App.app */;
			productType = "com.apple.product-type.application";
		};
/* End PBXNativeTarget section */

/* Begin PBXProject section */
		63B9603E299A81D7009F234A /* Project object */ = {
			isa = PBXProject;
			attributes = {
				BuildIndependentTargetsInParallel = 1;
				LastSwiftUpdateCheck = 1420;
				LastUpgradeCheck = 1420;
				TargetAttributes = {
					637730D429B0D7E4009F3851 = {
						CreatedOnToolsVersion = 14.2;
						TestTargetID = 63B96045299A81D7009F234A;
					};
					637730E129B0D7ED009F3851 = {
						CreatedOnToolsVersion = 14.2;
						TestTargetID = 63B96045299A81D7009F234A;
					};
					63B96045299A81D7009F234A = {
						CreatedOnToolsVersion = 14.2;
					};
				};
			};
			buildConfigurationList = 63B96041299A81D7009F234A /* Build configuration list for PBXProject "Prite_App" */;
			compatibilityVersion = "Xcode 14.0";
			developmentRegion = en;
			hasScannedForEncodings = 0;
			knownRegions = (
				en,
				Base,
			);
			mainGroup = 63B9603D299A81D7009F234A;
			productRefGroup = 63B96047299A81D7009F234A /* Products */;
			projectDirPath = "";
			projectRoot = "";
			targets = (
				63B96045299A81D7009F234A /* Prite_App */,
				637730D429B0D7E4009F3851 /* Prite_AppTests */,
				637730E129B0D7ED009F3851 /* Prite_AppUITests */,
			);
		};
/* End PBXProject section */

/* Begin PBXResourcesBuildPhase section */
		637730D329B0D7E4009F3851 /* Resources */ = {
			isa = PBXResourcesBuildPhase;
			buildActionMask = 2147483647;
			files = (
			);
			runOnlyForDeploymentPostprocessing = 0;
		};
		637730E029B0D7ED009F3851 /* Resources */ = {
			isa = PBXResourcesBuildPhase;
			buildActionMask = 2147483647;
			files = (
			);
			runOnlyForDeploymentPostprocessing = 0;
		};
		63B96044299A81D7009F234A /* Resources */ = {
			isa = PBXResourcesBuildPhase;
			buildActionMask = 2147483647;
			files = (
				63F1E23D29A7494B00B2BB0E /* CuteFont-Regular.ttf in Resources */,
				63B96051299A81D8009F234A /* Preview Assets.xcassets in Resources */,
				63B9604E299A81D8009F234A /* Assets.xcassets in Resources */,
				63F1E23B29A7494600B2BB0E /* Gaegu-Regular.ttf in Resources */,
				63F1E23929A7494200B2BB0E /* NanumPenScript-Regular.ttf in Resources */,
				63F1E23A29A7494400B2BB0E /* NanumBrushScript-Regular.ttf in Resources */,
				63F1E23729A7493D00B2BB0E /* BlackHanSans-Regular.ttf in Resources */,
				63F1E23C29A7494900B2BB0E /* Dongle-Regular.ttf in Resources */,
				63F1E23829A7494000B2BB0E /* SongMyung-Regular.ttf in Resources */,
			);
			runOnlyForDeploymentPostprocessing = 0;
		};
/* End PBXResourcesBuildPhase section */

/* Begin PBXSourcesBuildPhase section */
		637730D129B0D7E4009F3851 /* Sources */ = {
			isa = PBXSourcesBuildPhase;
			buildActionMask = 2147483647;
			files = (
			);
			runOnlyForDeploymentPostprocessing = 0;
		};
		637730DE29B0D7ED009F3851 /* Sources */ = {
			isa = PBXSourcesBuildPhase;
			buildActionMask = 2147483647;
			files = (
			);
			runOnlyForDeploymentPostprocessing = 0;
		};
		63B96042299A81D7009F234A /* Sources */ = {
			isa = PBXSourcesBuildPhase;
			buildActionMask = 2147483647;
			files = (
				63B96053299A81D8009F234A /* Persistence.swift in Sources */,
				638FDBCD29AB7BA1001F880C /* Constants.swift in Sources */,
				63BC5CCF299CFE380002BC1D /* MainView.swift in Sources */,
				63BC5CD1299CFE6E0002BC1D /* MapView.swift in Sources */,
				63B9604C299A81D7009F234A /* ContentView.swift in Sources */,
				63BC5CD3299D04AA0002BC1D /* WriteView.swift in Sources */,
				638FDBCA29AB7A71001F880C /* QuoteView.swift in Sources */,
				63B96062299A8D48009F234A /* ImagePicker.swift in Sources */,
				63B96056299A81D8009F234A /* PriteDatabase.xcdatamodeld in Sources */,
				635DE889299E0F640021FB63 /* DetailView.swift in Sources */,
				63BC5CD7299D0F610002BC1D /* SettingView.swift in Sources */,
				63BC5CD5299D09170002BC1D /* ListView.swift in Sources */,
				63B9605E299A8600009F234A /* WriteModel.swift in Sources */,
				63B9604A299A81D7009F234A /* Prite_AppApp.swift in Sources */,
				63B96064299A8FE8009F234A /* CoreLocation.swift in Sources */,
				63F1E24029A74A1800B2BB0E /* SettingEnvironment.swift in Sources */,
				63BC5CD9299D11660002BC1D /* OnboardingView.swift in Sources */,
			);
			runOnlyForDeploymentPostprocessing = 0;
		};
/* End PBXSourcesBuildPhase section */

/* Begin PBXTargetDependency section */
		637730DA29B0D7E4009F3851 /* PBXTargetDependency */ = {
			isa = PBXTargetDependency;
			target = 63B96045299A81D7009F234A /* Prite_App */;
			targetProxy = 637730D929B0D7E4009F3851 /* PBXContainerItemProxy */;
		};
		637730E929B0D7ED009F3851 /* PBXTargetDependency */ = {
			isa = PBXTargetDependency;
			target = 63B96045299A81D7009F234A /* Prite_App */;
			targetProxy = 637730E829B0D7ED009F3851 /* PBXContainerItemProxy */;
		};
/* End PBXTargetDependency section */

/* Begin XCBuildConfiguration section */
		637730DC29B0D7E4009F3851 /* Debug */ = {
			isa = XCBuildConfiguration;
			buildSettings = {
				BUNDLE_LOADER = "$(TEST_HOST)";
				CODE_SIGN_STYLE = Automatic;
				CURRENT_PROJECT_VERSION = 1;
				DEVELOPMENT_TEAM = S5VGQ6HPYR;
				GENERATE_INFOPLIST_FILE = YES;
				MARKETING_VERSION = 1.0;
				PRODUCT_BUNDLE_IDENTIFIER = "com.david0929.Prite-AppTests";
				PRODUCT_NAME = "$(TARGET_NAME)";
				SWIFT_EMIT_LOC_STRINGS = NO;
				SWIFT_VERSION = 5.0;
				TARGETED_DEVICE_FAMILY = "1,2";
				TEST_HOST = "$(BUILT_PRODUCTS_DIR)/Prite_App.app/$(BUNDLE_EXECUTABLE_FOLDER_PATH)/Prite_App";
			};
			name = Debug;
		};
		637730DD29B0D7E4009F3851 /* Release */ = {
			isa = XCBuildConfiguration;
			buildSettings = {
				BUNDLE_LOADER = "$(TEST_HOST)";
				CODE_SIGN_STYLE = Automatic;
				CURRENT_PROJECT_VERSION = 1;
				DEVELOPMENT_TEAM = S5VGQ6HPYR;
				GENERATE_INFOPLIST_FILE = YES;
				MARKETING_VERSION = 1.0;
				PRODUCT_BUNDLE_IDENTIFIER = "com.david0929.Prite-AppTests";
				PRODUCT_NAME = "$(TARGET_NAME)";
				SWIFT_EMIT_LOC_STRINGS = NO;
				SWIFT_VERSION = 5.0;
				TARGETED_DEVICE_FAMILY = "1,2";
				TEST_HOST = "$(BUILT_PRODUCTS_DIR)/Prite_App.app/$(BUNDLE_EXECUTABLE_FOLDER_PATH)/Prite_App";
			};
			name = Release;
		};
		637730EB29B0D7ED009F3851 /* Debug */ = {
			isa = XCBuildConfiguration;
			buildSettings = {
				CODE_SIGN_STYLE = Automatic;
				CURRENT_PROJECT_VERSION = 1;
				DEVELOPMENT_TEAM = S5VGQ6HPYR;
				GENERATE_INFOPLIST_FILE = YES;
				MARKETING_VERSION = 1.0;
				PRODUCT_BUNDLE_IDENTIFIER = "com.david0929.Prite-AppUITests";
				PRODUCT_NAME = "$(TARGET_NAME)";
				SWIFT_EMIT_LOC_STRINGS = NO;
				SWIFT_VERSION = 5.0;
				TARGETED_DEVICE_FAMILY = "1,2";
				TEST_TARGET_NAME = Prite_App;
			};
			name = Debug;
		};
		637730EC29B0D7ED009F3851 /* Release */ = {
			isa = XCBuildConfiguration;
			buildSettings = {
				CODE_SIGN_STYLE = Automatic;
				CURRENT_PROJECT_VERSION = 1;
				DEVELOPMENT_TEAM = S5VGQ6HPYR;
				GENERATE_INFOPLIST_FILE = YES;
				MARKETING_VERSION = 1.0;
				PRODUCT_BUNDLE_IDENTIFIER = "com.david0929.Prite-AppUITests";
				PRODUCT_NAME = "$(TARGET_NAME)";
				SWIFT_EMIT_LOC_STRINGS = NO;
				SWIFT_VERSION = 5.0;
				TARGETED_DEVICE_FAMILY = "1,2";
				TEST_TARGET_NAME = Prite_App;
			};
			name = Release;
		};
		63B96057299A81D8009F234A /* Debug */ = {
			isa = XCBuildConfiguration;
			buildSettings = {
				ALWAYS_SEARCH_USER_PATHS = NO;
				CLANG_ANALYZER_NONNULL = YES;
				CLANG_ANALYZER_NUMBER_OBJECT_CONVERSION = YES_AGGRESSIVE;
				CLANG_CXX_LANGUAGE_STANDARD = "gnu++20";
				CLANG_ENABLE_MODULES = YES;
				CLANG_ENABLE_OBJC_ARC = YES;
				CLANG_ENABLE_OBJC_WEAK = YES;
				CLANG_WARN_BLOCK_CAPTURE_AUTORELEASING = YES;
				CLANG_WARN_BOOL_CONVERSION = YES;
				CLANG_WARN_COMMA = YES;
				CLANG_WARN_CONSTANT_CONVERSION = YES;
				CLANG_WARN_DEPRECATED_OBJC_IMPLEMENTATIONS = YES;
				CLANG_WARN_DIRECT_OBJC_ISA_USAGE = YES_ERROR;
				CLANG_WARN_DOCUMENTATION_COMMENTS = YES;
				CLANG_WARN_EMPTY_BODY = YES;
				CLANG_WARN_ENUM_CONVERSION = YES;
				CLANG_WARN_INFINITE_RECURSION = YES;
				CLANG_WARN_INT_CONVERSION = YES;
				CLANG_WARN_NON_LITERAL_NULL_CONVERSION = YES;
				CLANG_WARN_OBJC_IMPLICIT_RETAIN_SELF = YES;
				CLANG_WARN_OBJC_LITERAL_CONVERSION = YES;
				CLANG_WARN_OBJC_ROOT_CLASS = YES_ERROR;
				CLANG_WARN_QUOTED_INCLUDE_IN_FRAMEWORK_HEADER = YES;
				CLANG_WARN_RANGE_LOOP_ANALYSIS = YES;
				CLANG_WARN_STRICT_PROTOTYPES = YES;
				CLANG_WARN_SUSPICIOUS_MOVE = YES;
				CLANG_WARN_UNGUARDED_AVAILABILITY = YES_AGGRESSIVE;
				CLANG_WARN_UNREACHABLE_CODE = YES;
				CLANG_WARN__DUPLICATE_METHOD_MATCH = YES;
				COPY_PHASE_STRIP = NO;
				DEBUG_INFORMATION_FORMAT = dwarf;
				ENABLE_STRICT_OBJC_MSGSEND = YES;
				ENABLE_TESTABILITY = YES;
				GCC_C_LANGUAGE_STANDARD = gnu11;
				GCC_DYNAMIC_NO_PIC = NO;
				GCC_NO_COMMON_BLOCKS = YES;
				GCC_OPTIMIZATION_LEVEL = 0;
				GCC_PREPROCESSOR_DEFINITIONS = (
					"DEBUG=1",
					"$(inherited)",
				);
				GCC_WARN_64_TO_32_BIT_CONVERSION = YES;
				GCC_WARN_ABOUT_RETURN_TYPE = YES_ERROR;
				GCC_WARN_UNDECLARED_SELECTOR = YES;
				GCC_WARN_UNINITIALIZED_AUTOS = YES_AGGRESSIVE;
				GCC_WARN_UNUSED_FUNCTION = YES;
				GCC_WARN_UNUSED_VARIABLE = YES;
				IPHONEOS_DEPLOYMENT_TARGET = 16.2;
				MTL_ENABLE_DEBUG_INFO = INCLUDE_SOURCE;
				MTL_FAST_MATH = YES;
				ONLY_ACTIVE_ARCH = YES;
				SDKROOT = iphoneos;
				SWIFT_ACTIVE_COMPILATION_CONDITIONS = DEBUG;
				SWIFT_OPTIMIZATION_LEVEL = "-Onone";
			};
			name = Debug;
		};
		63B96058299A81D8009F234A /* Release */ = {
			isa = XCBuildConfiguration;
			buildSettings = {
				ALWAYS_SEARCH_USER_PATHS = NO;
				CLANG_ANALYZER_NONNULL = YES;
				CLANG_ANALYZER_NUMBER_OBJECT_CONVERSION = YES_AGGRESSIVE;
				CLANG_CXX_LANGUAGE_STANDARD = "gnu++20";
				CLANG_ENABLE_MODULES = YES;
				CLANG_ENABLE_OBJC_ARC = YES;
				CLANG_ENABLE_OBJC_WEAK = YES;
				CLANG_WARN_BLOCK_CAPTURE_AUTORELEASING = YES;
				CLANG_WARN_BOOL_CONVERSION = YES;
				CLANG_WARN_COMMA = YES;
				CLANG_WARN_CONSTANT_CONVERSION = YES;
				CLANG_WARN_DEPRECATED_OBJC_IMPLEMENTATIONS = YES;
				CLANG_WARN_DIRECT_OBJC_ISA_USAGE = YES_ERROR;
				CLANG_WARN_DOCUMENTATION_COMMENTS = YES;
				CLANG_WARN_EMPTY_BODY = YES;
				CLANG_WARN_ENUM_CONVERSION = YES;
				CLANG_WARN_INFINITE_RECURSION = YES;
				CLANG_WARN_INT_CONVERSION = YES;
				CLANG_WARN_NON_LITERAL_NULL_CONVERSION = YES;
				CLANG_WARN_OBJC_IMPLICIT_RETAIN_SELF = YES;
				CLANG_WARN_OBJC_LITERAL_CONVERSION = YES;
				CLANG_WARN_OBJC_ROOT_CLASS = YES_ERROR;
				CLANG_WARN_QUOTED_INCLUDE_IN_FRAMEWORK_HEADER = YES;
				CLANG_WARN_RANGE_LOOP_ANALYSIS = YES;
				CLANG_WARN_STRICT_PROTOTYPES = YES;
				CLANG_WARN_SUSPICIOUS_MOVE = YES;
				CLANG_WARN_UNGUARDED_AVAILABILITY = YES_AGGRESSIVE;
				CLANG_WARN_UNREACHABLE_CODE = YES;
				CLANG_WARN__DUPLICATE_METHOD_MATCH = YES;
				COPY_PHASE_STRIP = NO;
				DEBUG_INFORMATION_FORMAT = "dwarf-with-dsym";
				ENABLE_NS_ASSERTIONS = NO;
				ENABLE_STRICT_OBJC_MSGSEND = YES;
				GCC_C_LANGUAGE_STANDARD = gnu11;
				GCC_NO_COMMON_BLOCKS = YES;
				GCC_WARN_64_TO_32_BIT_CONVERSION = YES;
				GCC_WARN_ABOUT_RETURN_TYPE = YES_ERROR;
				GCC_WARN_UNDECLARED_SELECTOR = YES;
				GCC_WARN_UNINITIALIZED_AUTOS = YES_AGGRESSIVE;
				GCC_WARN_UNUSED_FUNCTION = YES;
				GCC_WARN_UNUSED_VARIABLE = YES;
				IPHONEOS_DEPLOYMENT_TARGET = 16.2;
				MTL_ENABLE_DEBUG_INFO = NO;
				MTL_FAST_MATH = YES;
				SDKROOT = iphoneos;
				SWIFT_COMPILATION_MODE = wholemodule;
				SWIFT_OPTIMIZATION_LEVEL = "-O";
				VALIDATE_PRODUCT = YES;
			};
			name = Release;
		};
		63B9605A299A81D8009F234A /* Debug */ = {
			isa = XCBuildConfiguration;
			buildSettings = {
				ASSETCATALOG_COMPILER_APPICON_NAME = AppIcon;
				ASSETCATALOG_COMPILER_GLOBAL_ACCENT_COLOR_NAME = AccentColor;
				CODE_SIGN_STYLE = Automatic;
				CURRENT_PROJECT_VERSION = 1;
				DEVELOPMENT_ASSET_PATHS = "\"Prite_App/Preview Content\"";
				DEVELOPMENT_TEAM = S5VGQ6HPYR;
				ENABLE_PREVIEWS = YES;
				GENERATE_INFOPLIST_FILE = YES;
				INFOPLIST_FILE = "Prite-App-Info.plist";
				INFOPLIST_KEY_LSApplicationCategoryType = "";
				INFOPLIST_KEY_NSLocationAlwaysAndWhenInUseUsageDescription = "플라이트가 사용자의 위치를 확인하려고 합니다";
				INFOPLIST_KEY_NSLocationAlwaysUsageDescription = "플라이트가 사용자의 위치를 확인하려고 합니다";
				INFOPLIST_KEY_NSLocationWhenInUseUsageDescription = "플라이트가 사용자의 위치를 확인하려고 합니다";
				INFOPLIST_KEY_UIApplicationSceneManifest_Generation = YES;
				INFOPLIST_KEY_UIApplicationSupportsIndirectInputEvents = YES;
				INFOPLIST_KEY_UILaunchScreen_Generation = YES;
				INFOPLIST_KEY_UISupportedInterfaceOrientations_iPad = "UIInterfaceOrientationPortrait UIInterfaceOrientationPortraitUpsideDown UIInterfaceOrientationLandscapeLeft UIInterfaceOrientationLandscapeRight";
				INFOPLIST_KEY_UISupportedInterfaceOrientations_iPhone = "UIInterfaceOrientationPortrait UIInterfaceOrientationLandscapeLeft UIInterfaceOrientationLandscapeRight";
				LD_RUNPATH_SEARCH_PATHS = (
					"$(inherited)",
					"@executable_path/Frameworks",
				);
				MARKETING_VERSION = 1.0;
				PRODUCT_BUNDLE_IDENTIFIER = "com.david0929.Prite-App";
				PRODUCT_NAME = "$(TARGET_NAME)";
				SWIFT_EMIT_LOC_STRINGS = YES;
				SWIFT_VERSION = 5.0;
				TARGETED_DEVICE_FAMILY = "1,2";
			};
			name = Debug;
		};
		63B9605B299A81D8009F234A /* Release */ = {
			isa = XCBuildConfiguration;
			buildSettings = {
				ASSETCATALOG_COMPILER_APPICON_NAME = AppIcon;
				ASSETCATALOG_COMPILER_GLOBAL_ACCENT_COLOR_NAME = AccentColor;
				CODE_SIGN_STYLE = Automatic;
				CURRENT_PROJECT_VERSION = 1;
				DEVELOPMENT_ASSET_PATHS = "\"Prite_App/Preview Content\"";
				DEVELOPMENT_TEAM = S5VGQ6HPYR;
				ENABLE_PREVIEWS = YES;
				GENERATE_INFOPLIST_FILE = YES;
				INFOPLIST_FILE = "Prite-App-Info.plist";
				INFOPLIST_KEY_LSApplicationCategoryType = "";
				INFOPLIST_KEY_NSLocationAlwaysAndWhenInUseUsageDescription = "플라이트가 사용자의 위치를 확인하려고 합니다";
				INFOPLIST_KEY_NSLocationAlwaysUsageDescription = "플라이트가 사용자의 위치를 확인하려고 합니다";
				INFOPLIST_KEY_NSLocationWhenInUseUsageDescription = "플라이트가 사용자의 위치를 확인하려고 합니다";
				INFOPLIST_KEY_UIApplicationSceneManifest_Generation = YES;
				INFOPLIST_KEY_UIApplicationSupportsIndirectInputEvents = YES;
				INFOPLIST_KEY_UILaunchScreen_Generation = YES;
				INFOPLIST_KEY_UISupportedInterfaceOrientations_iPad = "UIInterfaceOrientationPortrait UIInterfaceOrientationPortraitUpsideDown UIInterfaceOrientationLandscapeLeft UIInterfaceOrientationLandscapeRight";
				INFOPLIST_KEY_UISupportedInterfaceOrientations_iPhone = "UIInterfaceOrientationPortrait UIInterfaceOrientationLandscapeLeft UIInterfaceOrientationLandscapeRight";
				LD_RUNPATH_SEARCH_PATHS = (
					"$(inherited)",
					"@executable_path/Frameworks",
				);
				MARKETING_VERSION = 1.0;
				PRODUCT_BUNDLE_IDENTIFIER = "com.david0929.Prite-App";
				PRODUCT_NAME = "$(TARGET_NAME)";
				SWIFT_EMIT_LOC_STRINGS = YES;
				SWIFT_VERSION = 5.0;
				TARGETED_DEVICE_FAMILY = "1,2";
			};
			name = Release;
		};
/* End XCBuildConfiguration section */

/* Begin XCConfigurationList section */
		637730DB29B0D7E4009F3851 /* Build configuration list for PBXNativeTarget "Prite_AppTests" */ = {
			isa = XCConfigurationList;
			buildConfigurations = (
				637730DC29B0D7E4009F3851 /* Debug */,
				637730DD29B0D7E4009F3851 /* Release */,
			);
			defaultConfigurationIsVisible = 0;
			defaultConfigurationName = Release;
		};
		637730EA29B0D7ED009F3851 /* Build configuration list for PBXNativeTarget "Prite_AppUITests" */ = {
			isa = XCConfigurationList;
			buildConfigurations = (
				637730EB29B0D7ED009F3851 /* Debug */,
				637730EC29B0D7ED009F3851 /* Release */,
			);
			defaultConfigurationIsVisible = 0;
			defaultConfigurationName = Release;
		};
		63B96041299A81D7009F234A /* Build configuration list for PBXProject "Prite_App" */ = {
			isa = XCConfigurationList;
			buildConfigurations = (
				63B96057299A81D8009F234A /* Debug */,
				63B96058299A81D8009F234A /* Release */,
			);
			defaultConfigurationIsVisible = 0;
			defaultConfigurationName = Release;
		};
		63B96059299A81D8009F234A /* Build configuration list for PBXNativeTarget "Prite_App" */ = {
			isa = XCConfigurationList;
			buildConfigurations = (
				63B9605A299A81D8009F234A /* Debug */,
				63B9605B299A81D8009F234A /* Release */,
			);
			defaultConfigurationIsVisible = 0;
			defaultConfigurationName = Release;
		};
/* End XCConfigurationList section */

/* Begin XCVersionGroup section */
		63B96054299A81D8009F234A /* PriteDatabase.xcdatamodeld */ = {
			isa = XCVersionGroup;
			children = (
				63B96055299A81D8009F234A /* PriteDatabase.xcdatamodel */,
			);
			currentVersion = 63B96055299A81D8009F234A /* PriteDatabase.xcdatamodel */;
			path = PriteDatabase.xcdatamodeld;
			sourceTree = "<group>";
			versionGroupType = wrapper.xcdatamodel;
		};
/* End XCVersionGroup section */
	};
	rootObject = 63B9603E299A81D7009F234A /* Project object */;
}
